
Microsoft Visual Studio Solution File, Format Version 12.00
# Visual Studio 15
VisualStudioVersion = 15.0.27130.2010
MinimumVisualStudioVersion = 10.0.40219.1
Project("{FAE04EC0-301F-11D3-BF4B-00C04F79EFBC}") = "HXD.MS.BLL", "HXD.MS.BLL\HXD.MS.BLL.csproj", "{BC720E94-43E1-4C55-806B-85F8C4435F8C}"
EndProject
Project("{FAE04EC0-301F-11D3-BF4B-00C04F79EFBC}") = "HXD.MS.Common", "HXD.MS.Common\HXD.MS.Common.csproj", "{63CCDC38-8492-4A38-AF29-04B649A1AAD7}"
EndProject
Project("{FAE04EC0-301F-11D3-BF4B-00C04F79EFBC}") = "HXD.MS.Core", "HXD.MS.Core\HXD.MS.Core.csproj", "{BC43A76A-7FB0-4178-8B94-3937468B0D15}"
EndProject
Project("{FAE04EC0-301F-11D3-BF4B-00C04F79EFBC}") = "HXD.MS.DAL", "HXD.MS.DAL\HXD.MS.DAL.csproj", "{1FAC28A3-FC55-4EFE-A65C-EE576334A1B4}"
EndProject
Project("{FAE04EC0-301F-11D3-BF4B-00C04F79EFBC}") = "HXD.MS.Models", "HXD.MS.Entity\HXD.MS.Models.csproj", "{D0AAC8EF-7FF1-4831-A1D9-CBEFED8CACA6}"
EndProject
Project("{FAE04EC0-301F-11D3-BF4B-00C04F79EFBC}") = "HXD.MS.Mvc", "HXD.MS.Mvc\HXD.MS.Mvc.csproj", "{65120C7A-E6E6-4695-BC28-BA7E51ED479B}"
EndProject
Global
	GlobalSection(SolutionConfigurationPlatforms) = preSolution
		Debug|Any CPU = Debug|Any CPU
		Release|Any CPU = Release|Any CPU
	EndGlobalSection
	GlobalSection(ProjectConfigurationPlatforms) = postSolution
		{BC720E94-43E1-4C55-806B-85F8C4435F8C}.Debug|Any CPU.ActiveCfg = Debug|Any CPU
		{BC720E94-43E1-4C55-806B-85F8C4435F8C}.Debug|Any CPU.Build.0 = Debug|Any CPU
		{BC720E94-43E1-4C55-806B-85F8C4435F8C}.Release|Any CPU.ActiveCfg = Release|Any CPU
		{BC720E94-43E1-4C55-806B-85F8C4435F8C}.Release|Any CPU.Build.0 = Release|Any CPU
		{63CCDC38-8492-4A38-AF29-04B649A1AAD7}.Debug|Any CPU.ActiveCfg = Debug|Any CPU
		{63CCDC38-8492-4A38-AF29-04B649A1AAD7}.Debug|Any CPU.Build.0 = Debug|Any CPU
		{63CCDC38-8492-4A38-AF29-04B649A1AAD7}.Release|Any CPU.ActiveCfg = Release|Any CPU
		{63CCDC38-8492-4A38-AF29-04B649A1AAD7}.Release|Any CPU.Build.0 = Release|Any CPU
		{BC43A76A-7FB0-4178-8B94-3937468B0D15}.Debug|Any CPU.ActiveCfg = Debug|Any CPU
		{BC43A76A-7FB0-4178-8B94-3937468B0D15}.Debug|Any CPU.Build.0 = Debug|Any CPU
		{BC43A76A-7FB0-4178-8B94-3937468B0D15}.Release|Any CPU.ActiveCfg = Release|Any CPU
		{BC43A76A-7FB0-4178-8B94-3937468B0D15}.Release|Any CPU.Build.0 = Release|Any CPU
		{1FAC28A3-FC55-4EFE-A65C-EE576334A1B4}.Debug|Any CPU.ActiveCfg = Debug|Any CPU
		{1FAC28A3-FC55-4EFE-A65C-EE576334A1B4}.Debug|Any CPU.Build.0 = Debug|Any CPU
		{1FAC28A3-FC55-4EFE-A65C-EE576334A1B4}.Release|Any CPU.ActiveCfg = Release|Any CPU
		{1FAC28A3-FC55-4EFE-A65C-EE576334A1B4}.Release|Any CPU.Build.0 = Release|Any CPU
		{D0AAC8EF-7FF1-4831-A1D9-CBEFED8CACA6}.Debug|Any CPU.ActiveCfg = Debug|Any CPU
		{D0AAC8EF-7FF1-4831-A1D9-CBEFED8CACA6}.Debug|Any CPU.Build.0 = Debug|Any CPU
		{D0AAC8EF-7FF1-4831-A1D9-CBEFED8CACA6}.Release|Any CPU.ActiveCfg = Release|Any CPU
		{D0AAC8EF-7FF1-4831-A1D9-CBEFED8CACA6}.Release|Any CPU.Build.0 = Release|Any CPU
		{65120C7A-E6E6-4695-BC28-BA7E51ED479B}.Debug|Any CPU.ActiveCfg = Debug|Any CPU
		{65120C7A-E6E6-4695-BC28-BA7E51ED479B}.Debug|Any CPU.Build.0 = Debug|Any CPU
		{65120C7A-E6E6-4695-BC28-BA7E51ED479B}.Release|Any CPU.ActiveCfg = Release|Any CPU
		{65120C7A-E6E6-4695-BC28-BA7E51ED479B}.Release|Any CPU.Build.0 = Release|Any CPU
	EndGlobalSection
	GlobalSection(SolutionProperties) = preSolution
		HideSolutionNode = FALSE
	EndGlobalSection
	GlobalSection(ExtensibilityGlobals) = postSolution
		SolutionGuid = {0F9102E8-F504-40C9-9D81-8485734ADF53}
	EndGlobalSection
EndGlobal
